# THIS IS AN AUTOGENERATED FILE. DO NOT EDIT THIS FILE DIRECTLY.
# yarn lockfile v1


"@ant-design-vue/use@^0.0.1-0":
  version "0.0.1-alpha.10"
  resolved "https://registry.nlark.com/@ant-design-vue/use/download/@ant-design-vue/use-0.0.1-alpha.10.tgz"
  integrity sha1-FGl87Uqj5tdqYwCOh9v20+8+B9o=
  dependencies:
    async-validator "^3.4.0"
    lodash-es "^4.17.15"
    resize-observer-polyfill "^1.5.1"
    vue "^3.0.0"

"@ant-design/colors@^5.0.0":
  version "5.1.1"
  resolved "https://registry.npm.taobao.org/@ant-design/colors/download/@ant-design/colors-5.1.1.tgz"
  integrity sha1-gAshhrHifmZDLmfQPtlq8+IdiUA=
  dependencies:
    "@ctrl/tinycolor" "^3.3.1"

"@ant-design/icons-svg@^4.0.0":
  version "4.1.0"
  resolved "https://registry.npm.taobao.org/@ant-design/icons-svg/download/@ant-design/icons-svg-4.1.0.tgz"
  integrity sha1-SAsCX0sg73/o9H1KSEbk/uhOoGw=

"@ant-design/icons-vue@^6.0.0":
  version "6.0.1"
  resolved "https://registry.npm.taobao.org/@ant-design/icons-vue/download/@ant-design/icons-vue-6.0.1.tgz?cache=0&sync_timestamp=1611990835390&other_urls=https%3A%2F%2Fregistry.npm.taobao.org%2F%40ant-design%2Ficons-vue%2Fdownload%2F%40ant-design%2Ficons-vue-6.0.1.tgz"
  integrity sha1-nYBMPHTSz6+XyxjlgtO5QAk09f0=
  dependencies:
    "@ant-design/colors" "^5.0.0"
    "@ant-design/icons-svg" "^4.0.0"
    "@types/lodash" "^4.14.165"
    lodash "^4.17.15"

"@babel/helper-validator-identifier@^7.14.5":
  version "7.14.5"
  resolved "https://registry.nlark.com/@babel/helper-validator-identifier/download/@babel/helper-validator-identifier-7.14.5.tgz?cache=0&sync_timestamp=1623280518972&other_urls=https%3A%2F%2Fregistry.nlark.com%2F%40babel%2Fhelper-validator-identifier%2Fdownload%2F%40babel%2Fhelper-validator-identifier-7.14.5.tgz"
  integrity sha1-0PDid8US4Mk4J3+qhaOWjJpEwOg=

"@babel/parser@^7.12.0", "@babel/parser@^7.13.9":
  version "7.14.7"
  resolved "https://registry.nlark.com/@babel/parser/download/@babel/parser-7.14.7.tgz"
  integrity sha1-YJlyDIg5yoZaJjfmyFhS6tC9tZU=

"@babel/runtime@^7.10.5":
  version "7.14.6"
  resolved "https://registry.nlark.com/@babel/runtime/download/@babel/runtime-7.14.6.tgz"
  integrity sha1-U1IDvAiS78fexgvcJ7Ls9uQJBi0=
  dependencies:
    regenerator-runtime "^0.13.4"

"@babel/types@^7.12.0", "@babel/types@^7.13.0":
  version "7.14.5"
  resolved "https://registry.nlark.com/@babel/types/download/@babel/types-7.14.5.tgz?cache=0&sync_timestamp=1623280355970&other_urls=https%3A%2F%2Fregistry.nlark.com%2F%40babel%2Ftypes%2Fdownload%2F%40babel%2Ftypes-7.14.5.tgz"
  integrity sha1-O7mXuoKaIQTO2yBonEpbgSHTg/8=
  dependencies:
    "@babel/helper-validator-identifier" "^7.14.5"
    to-fast-properties "^2.0.0"

"@ctrl/tinycolor@^3.3.1":
  version "3.4.0"
  resolved "https://registry.npm.taobao.org/@ctrl/tinycolor/download/@ctrl/tinycolor-3.4.0.tgz"
  integrity sha1-w8WuVDyJfKqcKmhjC+01W+X5mQ8=

"@fullhuman/postcss-purgecss@^2.1.2":
  version "2.3.0"
  resolved "https://registry.npm.taobao.org/@fullhuman/postcss-purgecss/download/@fullhuman/postcss-purgecss-2.3.0.tgz#50a954757ec78696615d3e118e3fee2d9291882e"
  integrity sha1-UKlUdX7HhpZhXT4Rjj/uLZKRiC4=
  dependencies:
    postcss "7.0.32"
    purgecss "^2.3.0"

"@simonwep/pickr@~1.8.0":
  version "1.8.1"
  resolved "https://registry.nlark.com/@simonwep/pickr/download/@simonwep/pickr-1.8.1.tgz?cache=0&sync_timestamp=1620897298440&other_urls=https%3A%2F%2Fregistry.nlark.com%2F%40simonwep%2Fpickr%2Fdownload%2F%40simonwep%2Fpickr-1.8.1.tgz"
  integrity sha1-4TbL2cNF3bt9cesUr1RMeYFl1JU=
  dependencies:
    core-js "^3.12.1"
    nanopop "^2.1.0"

"@types/estree@^0.0.48":
  version "0.0.48"
  resolved "https://registry.nlark.com/@types/estree/download/@types/estree-0.0.48.tgz?cache=0&sync_timestamp=1622612050840&other_urls=https%3A%2F%2Fregistry.nlark.com%2F%40types%2Festree%2Fdownload%2F%40types%2Festree-0.0.48.tgz"
  integrity sha1-GNyAkbKF35DbLyWqfZBs/DlLf3Q=

"@types/lodash@^4.14.165":
  version "4.14.170"
  resolved "https://registry.nlark.com/@types/lodash/download/@types/lodash-4.14.170.tgz?cache=0&sync_timestamp=1621593293742&other_urls=https%3A%2F%2Fregistry.nlark.com%2F%40types%2Flodash%2Fdownload%2F%40types%2Flodash-4.14.170.tgz"
  integrity sha1-DWdxHUv39MpRR+kJG4R0ebh5JdY=

"@vitejs/plugin-vue@^1.2.3":
  version "1.2.3"
  resolved "https://registry.nlark.com/@vitejs/plugin-vue/download/@vitejs/plugin-vue-1.2.3.tgz"
  integrity sha1-Lo4AixzDpq0d++x1dDx//ZtIcqY=

"@vue/compiler-core@3.1.2":
  version "3.1.2"
  resolved "https://registry.nlark.com/@vue/compiler-core/download/@vue/compiler-core-3.1.2.tgz?cache=0&sync_timestamp=1624387065757&other_urls=https%3A%2F%2Fregistry.nlark.com%2F%40vue%2Fcompiler-core%2Fdownload%2F%40vue%2Fcompiler-core-3.1.2.tgz"
  integrity sha1-MasdiOFwalx6VF+u62TDG9AQHbA=
  dependencies:
    "@babel/parser" "^7.12.0"
    "@babel/types" "^7.12.0"
    "@vue/shared" "3.1.2"
    estree-walker "^2.0.1"
    source-map "^0.6.1"

"@vue/compiler-dom@3.1.2":
  version "3.1.2"
  resolved "https://registry.nlark.com/@vue/compiler-dom/download/@vue/compiler-dom-3.1.2.tgz?cache=0&sync_timestamp=1624387065978&other_urls=https%3A%2F%2Fregistry.nlark.com%2F%40vue%2Fcompiler-dom%2Fdownload%2F%40vue%2Fcompiler-dom-3.1.2.tgz"
  integrity sha1-dadzG8xdlxgYOjxWwY6ZL3wT57E=
  dependencies:
    "@vue/compiler-core" "3.1.2"
    "@vue/shared" "3.1.2"

"@vue/compiler-sfc@^3.0.5":
  version "3.1.2"
  resolved "https://registry.nlark.com/@vue/compiler-sfc/download/@vue/compiler-sfc-3.1.2.tgz?cache=0&sync_timestamp=1624387062493&other_urls=https%3A%2F%2Fregistry.nlark.com%2F%40vue%2Fcompiler-sfc%2Fdownload%2F%40vue%2Fcompiler-sfc-3.1.2.tgz"
  integrity sha1-I/8eNm2Ie5ZImVaL/8sR49BRH8Q=
  dependencies:
    "@babel/parser" "^7.13.9"
    "@babel/types" "^7.13.0"
    "@types/estree" "^0.0.48"
    "@vue/compiler-core" "3.1.2"
    "@vue/compiler-dom" "3.1.2"
    "@vue/compiler-ssr" "3.1.2"
    "@vue/shared" "3.1.2"
    consolidate "^0.16.0"
    estree-walker "^2.0.1"
    hash-sum "^2.0.0"
    lru-cache "^5.1.1"
    magic-string "^0.25.7"
    merge-source-map "^1.1.0"
    postcss "^8.1.10"
    postcss-modules "^4.0.0"
    postcss-selector-parser "^6.0.4"
    source-map "^0.6.1"

"@vue/compiler-ssr@3.1.2":
  version "3.1.2"
  resolved "https://registry.nlark.com/@vue/compiler-ssr/download/@vue/compiler-ssr-3.1.2.tgz?cache=0&sync_timestamp=1624387062704&other_urls=https%3A%2F%2Fregistry.nlark.com%2F%40vue%2Fcompiler-ssr%2Fdownload%2F%40vue%2Fcompiler-ssr-3.1.2.tgz"
  integrity sha1-4zrQh22blvCVDiKw4XS5TBsEnS0=
  dependencies:
    "@vue/compiler-dom" "3.1.2"
    "@vue/shared" "3.1.2"

"@vue/devtools-api@^6.0.0-beta.14":
  version "6.0.0-beta.14"
  resolved "https://registry.nlark.com/@vue/devtools-api/download/@vue/devtools-api-6.0.0-beta.14.tgz"
  integrity sha1-btLW+NZqklbJrQS//wgwm6h7lyM=

"@vue/reactivity@3.1.2":
  version "3.1.2"
  resolved "https://registry.nlark.com/@vue/reactivity/download/@vue/reactivity-3.1.2.tgz?cache=0&sync_timestamp=1624387250159&other_urls=https%3A%2F%2Fregistry.nlark.com%2F%40vue%2Freactivity%2Fdownload%2F%40vue%2Freactivity-3.1.2.tgz"
  integrity sha1-ZvpTDdcm0v7yha5V0CEGpyfbRjs=
  dependencies:
    "@vue/shared" "3.1.2"

"@vue/runtime-core@3.1.2":
  version "3.1.2"
  resolved "https://registry.nlark.com/@vue/runtime-core/download/@vue/runtime-core-3.1.2.tgz?cache=0&sync_timestamp=1624387067020&other_urls=https%3A%2F%2Fregistry.nlark.com%2F%40vue%2Fruntime-core%2Fdownload%2F%40vue%2Fruntime-core-3.1.2.tgz"
  integrity sha1-9NvFA8/JoCq18evgAsMyJRIGSlQ=
  dependencies:
    "@vue/reactivity" "3.1.2"
    "@vue/shared" "3.1.2"

"@vue/runtime-dom@3.1.2":
  version "3.1.2"
  resolved "https://registry.nlark.com/@vue/runtime-dom/download/@vue/runtime-dom-3.1.2.tgz?cache=0&sync_timestamp=1624387063672&other_urls=https%3A%2F%2Fregistry.nlark.com%2F%40vue%2Fruntime-dom%2Fdownload%2F%40vue%2Fruntime-dom-3.1.2.tgz"
  integrity sha1-D9hyTxS8e6ZLbJVNh0qNik/LX+k=
  dependencies:
    "@vue/runtime-core" "3.1.2"
    "@vue/shared" "3.1.2"
    csstype "^2.6.8"

"@vue/shared@3.1.2":
  version "3.1.2"
  resolved "https://registry.nlark.com/@vue/shared/download/@vue/shared-3.1.2.tgz"
  integrity sha1-EGnAvH1vS9FczzpfO+KUUKyjaPk=

acorn-node@^1.6.1:
  version "1.8.2"
  resolved "https://registry.npm.taobao.org/acorn-node/download/acorn-node-1.8.2.tgz"
  integrity sha1-EUyV1kU55T3t4j3oudlt98euKvg=
  dependencies:
    acorn "^7.0.0"
    acorn-walk "^7.0.0"
    xtend "^4.0.2"

acorn-walk@^7.0.0:
  version "7.2.0"
  resolved "https://registry.nlark.com/acorn-walk/download/acorn-walk-7.2.0.tgz"
  integrity sha1-DeiJpgEgOQmw++B7iTjcIdLpZ7w=

acorn@^7.0.0:
  version "7.4.1"
  resolved "https://registry.nlark.com/acorn/download/acorn-7.4.1.tgz"
  integrity sha1-/q7SVZc9LndVW4PbwIhRpsY1IPo=

ansi-styles@^3.2.1:
  version "3.2.1"
  resolved "https://registry.nlark.com/ansi-styles/download/ansi-styles-3.2.1.tgz?cache=0&sync_timestamp=1618995588464&other_urls=https%3A%2F%2Fregistry.nlark.com%2Fansi-styles%2Fdownload%2Fansi-styles-3.2.1.tgz"
  integrity sha1-QfuyAkPlCxK+DwS43tvwdSDOhB0=
  dependencies:
    color-convert "^1.9.0"

ansi-styles@^4.1.0:
  version "4.3.0"
  resolved "https://registry.nlark.com/ansi-styles/download/ansi-styles-4.3.0.tgz?cache=0&sync_timestamp=1618995588464&other_urls=https%3A%2F%2Fregistry.nlark.com%2Fansi-styles%2Fdownload%2Fansi-styles-4.3.0.tgz"
  integrity sha1-7dgDYornHATIWuegkG7a00tkiTc=
  dependencies:
    color-convert "^2.0.1"

ant-design-vue@^2.2.0-beta.6:
  version "2.2.0-beta.6"
  resolved "https://registry.nlark.com/ant-design-vue/download/ant-design-vue-2.2.0-beta.6.tgz?cache=0&sync_timestamp=1624689320631&other_urls=https%3A%2F%2Fregistry.nlark.com%2Fant-design-vue%2Fdownload%2Fant-design-vue-2.2.0-beta.6.tgz"
  integrity sha1-FLILx3I9n8YoyHhw7l6kt4oiD40=
  dependencies:
    "@ant-design-vue/use" "^0.0.1-0"
    "@ant-design/icons-vue" "^6.0.0"
    "@babel/runtime" "^7.10.5"
    "@simonwep/pickr" "~1.8.0"
    array-tree-filter "^2.1.0"
    async-validator "^3.3.0"
    dom-align "^1.12.1"
    dom-scroll-into-view "^2.0.0"
    lodash "^4.17.21"
    lodash-es "^4.17.15"
    moment "^2.27.0"
    omit.js "^2.0.0"
    scroll-into-view-if-needed "^2.2.25"
    shallow-equal "^1.0.0"
    vue-types "^3.0.0"
    warning "^4.0.0"

array-tree-filter@^2.1.0:
  version "2.1.0"
  resolved "https://registry.npm.taobao.org/array-tree-filter/download/array-tree-filter-2.1.0.tgz"
  integrity sha1-hzrAD+yDdJ8lWsjdCDgUtPYykZA=

async-validator@^3.3.0, async-validator@^3.4.0:
  version "3.5.2"
  resolved "https://registry.nlark.com/async-validator/download/async-validator-3.5.2.tgz?cache=0&sync_timestamp=1619755921381&other_urls=https%3A%2F%2Fregistry.nlark.com%2Fasync-validator%2Fdownload%2Fasync-validator-3.5.2.tgz"
  integrity sha1-aOhmqWgk6LJpT/eoMcGiXETV5QA=

autoprefixer@^9.4.5:
  version "9.8.6"
  resolved "https://registry.nlark.com/autoprefixer/download/autoprefixer-9.8.6.tgz#3b73594ca1bf9266320c5acf1588d74dea74210f"
  integrity sha1-O3NZTKG/kmYyDFrPFYjXTep0IQ8=
  dependencies:
    browserslist "^4.12.0"
    caniuse-lite "^1.0.30001109"
    colorette "^1.2.1"
    normalize-range "^0.1.2"
    num2fraction "^1.2.2"
    postcss "^7.0.32"
    postcss-value-parser "^4.1.0"

balanced-match@^1.0.0:
  version "1.0.2"
  resolved "https://registry.npm.taobao.org/balanced-match/download/balanced-match-1.0.2.tgz?cache=0&other_urls=https%3A%2F%2Fregistry.npm.taobao.org%2Fbalanced-match%2Fdownload%2Fbalanced-match-1.0.2.tgz"
  integrity sha1-6D46fj8wCzTLnYf2FfoMvzV2kO4=

big.js@^5.2.2:
  version "5.2.2"
  resolved "https://registry.nlark.com/big.js/download/big.js-5.2.2.tgz"
  integrity sha1-ZfCvOC9Xi83HQr2cKB6cstd2gyg=

bluebird@^3.7.2:
  version "3.7.2"
  resolved "https://registry.nlark.com/bluebird/download/bluebird-3.7.2.tgz"
  integrity sha1-nyKcFb4nJFT/qXOs4NvueaGww28=

brace-expansion@^1.1.7:
  version "1.1.11"
  resolved "https://registry.npm.taobao.org/brace-expansion/download/brace-expansion-1.1.11.tgz?cache=0&sync_timestamp=1614010709807&other_urls=https%3A%2F%2Fregistry.npm.taobao.org%2Fbrace-expansion%2Fdownload%2Fbrace-expansion-1.1.11.tgz"
  integrity sha1-PH/L9SnYcibz0vUrlm/1Jx60Qd0=
  dependencies:
    balanced-match "^1.0.0"
    concat-map "0.0.1"

browserslist@^4.12.0:
  version "4.16.6"
  resolved "https://registry.nlark.com/browserslist/download/browserslist-4.16.6.tgz?cache=0&sync_timestamp=1619789101558&other_urls=https%3A%2F%2Fregistry.nlark.com%2Fbrowserslist%2Fdownload%2Fbrowserslist-4.16.6.tgz#d7901277a5a88e554ed305b183ec9b0c08f66fa2"
  integrity sha1-15ASd6WojlVO0wWxg+ybDAj2b6I=
  dependencies:
    caniuse-lite "^1.0.30001219"
    colorette "^1.2.2"
    electron-to-chromium "^1.3.723"
    escalade "^3.1.1"
    node-releases "^1.1.71"

bytes@^3.0.0:
  version "3.1.0"
  resolved "https://registry.npm.taobao.org/bytes/download/bytes-3.1.0.tgz"
  integrity sha1-9s95M6Ng4FiPqf3oVlHNx/gF0fY=

camelcase-css@^2.0.1:
  version "2.0.1"
  resolved "https://registry.npm.taobao.org/camelcase-css/download/camelcase-css-2.0.1.tgz"
  integrity sha1-7pePaUeRTMMMa0R0G27R338EP9U=

caniuse-lite@^1.0.30001109, caniuse-lite@^1.0.30001219:
  version "1.0.30001243"
  resolved "https://registry.nlark.com/caniuse-lite/download/caniuse-lite-1.0.30001243.tgz#d9250155c91e872186671c523f3ae50cfc94a3aa"
  integrity sha1-2SUBVckehyGGZxxSPzrlDPyUo6o=

chalk@^2.4.1, chalk@^2.4.2:
  version "2.4.2"
  resolved "https://registry.nlark.com/chalk/download/chalk-2.4.2.tgz?cache=0&sync_timestamp=1618995384030&other_urls=https%3A%2F%2Fregistry.nlark.com%2Fchalk%2Fdownload%2Fchalk-2.4.2.tgz#cd42541677a54333cf541a49108c1432b44c9424"
  integrity sha1-zUJUFnelQzPPVBpJEIwUMrRMlCQ=
  dependencies:
    ansi-styles "^3.2.1"
    escape-string-regexp "^1.0.5"
    supports-color "^5.3.0"

chalk@^4.0.0:
  version "4.1.1"
  resolved "https://registry.nlark.com/chalk/download/chalk-4.1.1.tgz?cache=0&sync_timestamp=1618995384030&other_urls=https%3A%2F%2Fregistry.nlark.com%2Fchalk%2Fdownload%2Fchalk-4.1.1.tgz#c80b3fab28bf6371e6863325eee67e618b77e6ad"
  integrity sha1-yAs/qyi/Y3HmhjMl7uZ+YYt35q0=
  dependencies:
    ansi-styles "^4.1.0"
    supports-color "^7.1.0"

color-convert@^1.9.0, color-convert@^1.9.1:
  version "1.9.3"
  resolved "https://registry.npm.taobao.org/color-convert/download/color-convert-1.9.3.tgz"
  integrity sha1-u3GFBpDh8TZWfeYp0tVHHe2kweg=
  dependencies:
    color-name "1.1.3"

color-convert@^2.0.1:
  version "2.0.1"
  resolved "https://registry.npm.taobao.org/color-convert/download/color-convert-2.0.1.tgz"
  integrity sha1-ctOmjVmMm9s68q0ehPIdiWq9TeM=
  dependencies:
    color-name "~1.1.4"

color-name@1.1.3:
  version "1.1.3"
  resolved "https://registry.npm.taobao.org/color-name/download/color-name-1.1.3.tgz"
  integrity sha1-p9BVi9icQveV3UIyj3QIMcpTvCU=

color-name@^1.0.0, color-name@~1.1.4:
  version "1.1.4"
  resolved "https://registry.npm.taobao.org/color-name/download/color-name-1.1.4.tgz"
  integrity sha1-wqCah6y95pVD3m9j+jmVyCbFNqI=

color-string@^1.5.4:
  version "1.5.5"
  resolved "https://registry.npm.taobao.org/color-string/download/color-string-1.5.5.tgz?cache=0&sync_timestamp=1614967243349&other_urls=https%3A%2F%2Fregistry.npm.taobao.org%2Fcolor-string%2Fdownload%2Fcolor-string-1.5.5.tgz"
  integrity sha1-ZUdKjw50OWJfPSemoZ2J/EUiMBQ=
  dependencies:
    color-name "^1.0.0"
    simple-swizzle "^0.2.2"

color@^3.1.2:
  version "3.1.3"
  resolved "https://registry.npm.taobao.org/color/download/color-3.1.3.tgz#ca67fb4e7b97d611dcde39eceed422067d91596e"
  integrity sha1-ymf7TnuX1hHc3jns7tQiBn2RWW4=
  dependencies:
    color-convert "^1.9.1"
    color-string "^1.5.4"

colorette@^1.2.1, colorette@^1.2.2:
  version "1.2.2"
  resolved "https://registry.nlark.com/colorette/download/colorette-1.2.2.tgz?cache=0&sync_timestamp=1618847174680&other_urls=https%3A%2F%2Fregistry.nlark.com%2Fcolorette%2Fdownload%2Fcolorette-1.2.2.tgz"
  integrity sha1-y8x51emcrqLb8Q6zom/Ys+as+pQ=

commander@^5.0.0:
  version "5.1.0"
  resolved "https://registry.nlark.com/commander/download/commander-5.1.0.tgz?cache=0&sync_timestamp=1624609570521&other_urls=https%3A%2F%2Fregistry.nlark.com%2Fcommander%2Fdownload%2Fcommander-5.1.0.tgz#46abbd1652f8e059bddaef99bbdcb2ad9cf179ae"
  integrity sha1-Rqu9FlL44Fm92u+Zu9yyrZzxea4=

compute-scroll-into-view@^1.0.17:
  version "1.0.17"
  resolved "https://registry.npm.taobao.org/compute-scroll-into-view/download/compute-scroll-into-view-1.0.17.tgz?cache=0&sync_timestamp=1614042424875&other_urls=https%3A%2F%2Fregistry.npm.taobao.org%2Fcompute-scroll-into-view%2Fdownload%2Fcompute-scroll-into-view-1.0.17.tgz"
  integrity sha1-aojxis2dQunPS6pr7H4FImB6t6s=

concat-map@0.0.1:
  version "0.0.1"
  resolved "https://registry.npm.taobao.org/concat-map/download/concat-map-0.0.1.tgz"
  integrity sha1-2Klr13/Wjfd5OnMDajug1UBdR3s=

consolidate@^0.16.0:
  version "0.16.0"
  resolved "https://registry.nlark.com/consolidate/download/consolidate-0.16.0.tgz"
  integrity sha1-oRhkdokw8vGUMWYKZZBmaPX73BY=
  dependencies:
    bluebird "^3.7.2"

core-js@^3.12.1:
  version "3.15.1"
  resolved "https://registry.nlark.com/core-js/download/core-js-3.15.1.tgz?cache=0&sync_timestamp=1624386897006&other_urls=https%3A%2F%2Fregistry.nlark.com%2Fcore-js%2Fdownload%2Fcore-js-3.15.1.tgz"
  integrity sha1-bAiriKvfVlRQRcz1/YH0f0B+fxo=

css-unit-converter@^1.1.1:
  version "1.1.2"
  resolved "https://registry.npm.taobao.org/css-unit-converter/download/css-unit-converter-1.1.2.tgz"
  integrity sha1-THf1oZVObb/2BpXsshTjJwQ2qyE=

cssesc@^3.0.0:
  version "3.0.0"
  resolved "https://registry.npm.taobao.org/cssesc/download/cssesc-3.0.0.tgz"
  integrity sha1-N3QZGZA7hoVl4cCep0dEXNGJg+4=

csstype@^2.6.8:
  version "2.6.17"
  resolved "https://registry.nlark.com/csstype/download/csstype-2.6.17.tgz?cache=0&sync_timestamp=1618818393132&other_urls=https%3A%2F%2Fregistry.nlark.com%2Fcsstype%2Fdownload%2Fcsstype-2.6.17.tgz"
  integrity sha1-TPMOuH4dGgBdi2UQ+VKSQT9qHA4=

defined@^1.0.0:
  version "1.0.0"
  resolved "https://registry.nlark.com/defined/download/defined-1.0.0.tgz"
  integrity sha1-yY2bzvdWdBiOEQlpFRGZ45sfppM=

detective@^5.2.0:
  version "5.2.0"
  resolved "https://registry.npm.taobao.org/detective/download/detective-5.2.0.tgz"
  integrity sha1-/rKnfoW5BOzepFmtiXzJCpm9Kns=
  dependencies:
    acorn-node "^1.6.1"
    defined "^1.0.0"
    minimist "^1.1.1"

dom-align@^1.12.1:
  version "1.12.2"
  resolved "https://registry.nlark.com/dom-align/download/dom-align-1.12.2.tgz?cache=0&sync_timestamp=1621853230649&other_urls=https%3A%2F%2Fregistry.nlark.com%2Fdom-align%2Fdownload%2Fdom-align-1.12.2.tgz"
  integrity sha1-D4Fk69DJwhsMeQMQSTzYVYkqzUs=

dom-scroll-into-view@^2.0.0:
  version "2.0.1"
  resolved "https://registry.npm.taobao.org/dom-scroll-into-view/download/dom-scroll-into-view-2.0.1.tgz"
  integrity sha1-DezIUigB/Y0/HGujVadNOCxfmJs=

electron-to-chromium@^1.3.723:
  version "1.3.769"
  resolved "https://registry.nlark.com/electron-to-chromium/download/electron-to-chromium-1.3.769.tgz#73ad7e3f2d435810b6f8b29617ec344c782fcbed"
  integrity sha1-c61+Py1DWBC2+LKWF+w0THgvy+0=

emojis-list@^3.0.0:
  version "3.0.0"
  resolved "https://registry.nlark.com/emojis-list/download/emojis-list-3.0.0.tgz"
  integrity sha1-VXBmIEatKeLpFucariYKvf9Pang=

esbuild@^0.12.8:
  version "0.12.9"
  resolved "https://registry.nlark.com/esbuild/download/esbuild-0.12.9.tgz?cache=0&sync_timestamp=1623821258398&other_urls=https%3A%2F%2Fregistry.nlark.com%2Fesbuild%2Fdownload%2Fesbuild-0.12.9.tgz"
  integrity sha1-vtTnCHwobNgdl1Yx931H/rFmAHA=

escalade@^3.1.1:
  version "3.1.1"
  resolved "https://registry.npm.taobao.org/escalade/download/escalade-3.1.1.tgz#d8cfdc7000965c5a0174b4a82eaa5c0552742e40"
  integrity sha1-2M/ccACWXFoBdLSoLqpcBVJ0LkA=

escape-string-regexp@^1.0.5:
  version "1.0.5"
  resolved "https://registry.nlark.com/escape-string-regexp/download/escape-string-regexp-1.0.5.tgz"
  integrity sha1-G2HAViGQqN/2rjuyzwIAyhMLhtQ=

estree-walker@^2.0.1:
  version "2.0.2"
  resolved "https://registry.npm.taobao.org/estree-walker/download/estree-walker-2.0.2.tgz"
  integrity sha1-UvAQF4wqTBF6d1fP6UKtt9LaTKw=

fs-extra@^8.0.0:
  version "8.1.0"
  resolved "https://registry.nlark.com/fs-extra/download/fs-extra-8.1.0.tgz#49d43c45a88cd9677668cb7be1b46efdb8d2e1c0"
  integrity sha1-SdQ8RaiM2Wd2aMt74bRu/bjS4cA=
  dependencies:
    graceful-fs "^4.2.0"
    jsonfile "^4.0.0"
    universalify "^0.1.0"

fs.realpath@^1.0.0:
  version "1.0.0"
  resolved "https://registry.npm.taobao.org/fs.realpath/download/fs.realpath-1.0.0.tgz"
  integrity sha1-FQStJSMVjKpA20onh8sBQRmU6k8=

fsevents@~2.3.2:
  version "2.3.2"
  resolved "https://registry.npm.taobao.org/fsevents/download/fsevents-2.3.2.tgz?cache=0&sync_timestamp=1612536512306&other_urls=https%3A%2F%2Fregistry.npm.taobao.org%2Ffsevents%2Fdownload%2Ffsevents-2.3.2.tgz"
  integrity sha1-ilJveLj99GI7cJ4Ll1xSwkwC/Ro=

function-bind@^1.1.1:
  version "1.1.1"
  resolved "https://registry.npm.taobao.org/function-bind/download/function-bind-1.1.1.tgz"
  integrity sha1-pWiZ0+o8m6uHS7l3O3xe3pL0iV0=

generic-names@^2.0.1:
  version "2.0.1"
  resolved "https://registry.npm.taobao.org/generic-names/download/generic-names-2.0.1.tgz"
  integrity sha1-+KN46tLMqno08DF7BVVIMq5BuHI=
  dependencies:
    loader-utils "^1.1.0"

glob@^7.0.0, glob@^7.1.2:
  version "7.1.7"
  resolved "https://registry.nlark.com/glob/download/glob-7.1.7.tgz?cache=0&other_urls=https%3A%2F%2Fregistry.nlark.com%2Fglob%2Fdownload%2Fglob-7.1.7.tgz#3b193e9233f01d42d0b3f78294bbeeb418f94a90"
  integrity sha1-Oxk+kjPwHULQs/eClLvutBj5SpA=
  dependencies:
    fs.realpath "^1.0.0"
    inflight "^1.0.4"
    inherits "2"
    minimatch "^3.0.4"
    once "^1.3.0"
    path-is-absolute "^1.0.0"

graceful-fs@^4.1.6, graceful-fs@^4.2.0:
  version "4.2.6"
  resolved "https://registry.npm.taobao.org/graceful-fs/download/graceful-fs-4.2.6.tgz"
  integrity sha1-/wQLKwhTsjw9MQJ1I3BvGIXXa+4=

has-flag@^3.0.0:
  version "3.0.0"
  resolved "https://registry.npm.taobao.org/has-flag/download/has-flag-3.0.0.tgz"
  integrity sha1-tdRU3CGZriJWmfNGfloH87lVuv0=

has-flag@^4.0.0:
  version "4.0.0"
  resolved "https://registry.npm.taobao.org/has-flag/download/has-flag-4.0.0.tgz"
  integrity sha1-lEdx/ZyByBJlxNaUGGDaBrtZR5s=

has@^1.0.3:
  version "1.0.3"
  resolved "https://registry.npm.taobao.org/has/download/has-1.0.3.tgz"
  integrity sha1-ci18v8H2qoJB8W3YFOAR4fQeh5Y=
  dependencies:
    function-bind "^1.1.1"

hash-sum@^2.0.0:
  version "2.0.0"
  resolved "https://registry.nlark.com/hash-sum/download/hash-sum-2.0.0.tgz"
  integrity sha1-gdAbtd6OpKIUrV1urRtSNGCwtFo=

icss-replace-symbols@^1.1.0:
  version "1.1.0"
  resolved "https://registry.npm.taobao.org/icss-replace-symbols/download/icss-replace-symbols-1.1.0.tgz"
  integrity sha1-Bupvg2ead0njhs/h/oEq5dsiPe0=

icss-utils@^5.0.0:
  version "5.1.0"
  resolved "https://registry.npm.taobao.org/icss-utils/download/icss-utils-5.1.0.tgz?cache=0&sync_timestamp=1605801312995&other_urls=https%3A%2F%2Fregistry.npm.taobao.org%2Ficss-utils%2Fdownload%2Ficss-utils-5.1.0.tgz"
  integrity sha1-xr5oWKvQE9do6YNmrkfiXViHsa4=

inflight@^1.0.4:
  version "1.0.6"
  resolved "https://registry.npm.taobao.org/inflight/download/inflight-1.0.6.tgz"
  integrity sha1-Sb1jMdfQLQwJvJEKEHW6gWW1bfk=
  dependencies:
    once "^1.3.0"
    wrappy "1"

inherits@2:
  version "2.0.4"
  resolved "https://registry.npm.taobao.org/inherits/download/inherits-2.0.4.tgz"
  integrity sha1-D6LGT5MpF8NDOg3tVTY6rjdBa3w=

is-arrayish@^0.3.1:
  version "0.3.2"
  resolved "https://registry.npm.taobao.org/is-arrayish/download/is-arrayish-0.3.2.tgz"
  integrity sha1-RXSirlb3qyBolvtDHq7tBm/fjwM=

is-core-module@^2.2.0:
  version "2.4.0"
  resolved "https://registry.nlark.com/is-core-module/download/is-core-module-2.4.0.tgz?cache=0&sync_timestamp=1620592629366&other_urls=https%3A%2F%2Fregistry.nlark.com%2Fis-core-module%2Fdownload%2Fis-core-module-2.4.0.tgz"
  integrity sha1-jp/I4VAnsBFBgCbpjw5vTYYwXME=
  dependencies:
    has "^1.0.3"

is-plain-object@3.0.1:
  version "3.0.1"
  resolved "https://registry.npm.taobao.org/is-plain-object/download/is-plain-object-3.0.1.tgz"
  integrity sha1-Zi2S0kwKpDAkB7DUXSHyJRyF+Fs=

"js-tokens@^3.0.0 || ^4.0.0":
  version "4.0.0"
  resolved "https://registry.nlark.com/js-tokens/download/js-tokens-4.0.0.tgz?cache=0&sync_timestamp=1619345098261&other_urls=https%3A%2F%2Fregistry.nlark.com%2Fjs-tokens%2Fdownload%2Fjs-tokens-4.0.0.tgz"
  integrity sha1-GSA/tZmR35jjoocFDUZHzerzJJk=

json5@^1.0.1:
  version "1.0.1"
  resolved "https://registry.npm.taobao.org/json5/download/json5-1.0.1.tgz"
  integrity sha1-d5+wAYYE+oVOrL9iUhgNg1Q+Pb4=
  dependencies:
    minimist "^1.2.0"

jsonfile@^4.0.0:
  version "4.0.0"
  resolved "https://registry.npm.taobao.org/jsonfile/download/jsonfile-4.0.0.tgz?cache=0&sync_timestamp=1604161822397&other_urls=https%3A%2F%2Fregistry.npm.taobao.org%2Fjsonfile%2Fdownload%2Fjsonfile-4.0.0.tgz#8771aae0799b64076b76640fca058f9c10e33ecb"
  integrity sha1-h3Gq4HmbZAdrdmQPygWPnBDjPss=
  optionalDependencies:
    graceful-fs "^4.1.6"

loader-utils@^1.1.0:
  version "1.4.0"
  resolved "https://registry.npm.taobao.org/loader-utils/download/loader-utils-1.4.0.tgz"
  integrity sha1-xXm140yzSxp07cbB+za/o3HVphM=
  dependencies:
    big.js "^5.2.2"
    emojis-list "^3.0.0"
    json5 "^1.0.1"

lodash-es@^4.17.15:
  version "4.17.21"
  resolved "https://registry.npm.taobao.org/lodash-es/download/lodash-es-4.17.21.tgz"
  integrity sha1-Q+YmxG5lkbd1C+srUBFzkMYJ4+4=

lodash.camelcase@^4.3.0:
  version "4.3.0"
  resolved "https://registry.nlark.com/lodash.camelcase/download/lodash.camelcase-4.3.0.tgz"
  integrity sha1-soqmKIorn8ZRA1x3EfZathkDMaY=

lodash.toarray@^4.4.0:
  version "4.4.0"
  resolved "https://registry.npm.taobao.org/lodash.toarray/download/lodash.toarray-4.4.0.tgz"
  integrity sha1-JMS/zWsvuji/0FlNsRedjptlZWE=

lodash@^4.17.15, lodash@^4.17.21:
  version "4.17.21"
  resolved "https://registry.npm.taobao.org/lodash/download/lodash-4.17.21.tgz?cache=0&sync_timestamp=1613835838133&other_urls=https%3A%2F%2Fregistry.npm.taobao.org%2Flodash%2Fdownload%2Flodash-4.17.21.tgz"
  integrity sha1-Z5WRxWTDv/quhFTPCz3zcMPWkRw=

loose-envify@^1.0.0:
  version "1.4.0"
  resolved "https://registry.npm.taobao.org/loose-envify/download/loose-envify-1.4.0.tgz"
  integrity sha1-ce5R+nvkyuwaY4OffmgtgTLTDK8=
  dependencies:
    js-tokens "^3.0.0 || ^4.0.0"

lru-cache@^5.1.1:
  version "5.1.1"
  resolved "https://registry.npm.taobao.org/lru-cache/download/lru-cache-5.1.1.tgz"
  integrity sha1-HaJ+ZxAnGUdpXa9oSOhH8B2EuSA=
  dependencies:
    yallist "^3.0.2"

magic-string@^0.25.7:
  version "0.25.7"
  resolved "https://registry.npm.taobao.org/magic-string/download/magic-string-0.25.7.tgz"
  integrity sha1-P0l9b9NMZpxnmNy4IfLvMfVEUFE=
  dependencies:
    sourcemap-codec "^1.4.4"

merge-source-map@^1.1.0:
  version "1.1.0"
  resolved "https://registry.npm.taobao.org/merge-source-map/download/merge-source-map-1.1.0.tgz"
  integrity sha1-L93n5gIJOfcJBqaPLXrmheTIxkY=
  dependencies:
    source-map "^0.6.1"

minimatch@^3.0.4:
  version "3.0.4"
  resolved "https://registry.npm.taobao.org/minimatch/download/minimatch-3.0.4.tgz"
  integrity sha1-UWbihkV/AzBgZL5Ul+jbsMPTIIM=
  dependencies:
    brace-expansion "^1.1.7"

minimist@^1.1.1, minimist@^1.2.0:
  version "1.2.5"
  resolved "https://registry.npm.taobao.org/minimist/download/minimist-1.2.5.tgz"
  integrity sha1-Z9ZgFLZqaoqqDAg8X9WN9OTpdgI=

moment@^2.27.0:
  version "2.29.1"
  resolved "https://registry.nlark.com/moment/download/moment-2.29.1.tgz"
  integrity sha1-sr52n6MZQL6e7qZGnAdeNQBvo9M=

nanoid@^3.1.23:
  version "3.1.23"
  resolved "https://registry.nlark.com/nanoid/download/nanoid-3.1.23.tgz"
  integrity sha1-90QIbOfCvEfuCoRyV01ceOQYOoE=

nanopop@^2.1.0:
  version "2.1.0"
  resolved "https://registry.nlark.com/nanopop/download/nanopop-2.1.0.tgz"
  integrity sha1-I0dlE87iQFiIr9LopLVAZrcLnmA=

node-emoji@^1.8.1:
  version "1.10.0"
  resolved "https://registry.npm.taobao.org/node-emoji/download/node-emoji-1.10.0.tgz"
  integrity sha1-iIar0l2ce7YYAqZYUj0fjSqJsto=
  dependencies:
    lodash.toarray "^4.4.0"

node-releases@^1.1.71:
  version "1.1.73"
  resolved "https://registry.nlark.com/node-releases/download/node-releases-1.1.73.tgz?cache=0&sync_timestamp=1623060224459&other_urls=https%3A%2F%2Fregistry.nlark.com%2Fnode-releases%2Fdownload%2Fnode-releases-1.1.73.tgz#dd4e81ddd5277ff846b80b52bb40c49edf7a7b20"
  integrity sha1-3U6B3dUnf/hGuAtSu0DEnt96eyA=

normalize-range@^0.1.2:
  version "0.1.2"
  resolved "https://registry.npm.taobao.org/normalize-range/download/normalize-range-0.1.2.tgz#2d10c06bdfd312ea9777695a4d28439456b75942"
  integrity sha1-LRDAa9/TEuqXd2laTShDlFa3WUI=

normalize.css@^8.0.1:
  version "8.0.1"
  resolved "https://registry.npm.taobao.org/normalize.css/download/normalize.css-8.0.1.tgz#9b98a208738b9cc2634caacbc42d131c97487bf3"
  integrity sha1-m5iiCHOLnMJjTKrLxC0THJdIe/M=

num2fraction@^1.2.2:
  version "1.2.2"
  resolved "https://registry.npm.taobao.org/num2fraction/download/num2fraction-1.2.2.tgz#6f682b6a027a4e9ddfa4564cd2589d1d4e669ede"
  integrity sha1-b2gragJ6Tp3fpFZM0lidHU5mnt4=

object-assign@^4.1.1:
  version "4.1.1"
  resolved "https://registry.npm.taobao.org/object-assign/download/object-assign-4.1.1.tgz#2109adc7965887cfc05cbbd442cac8bfbb360863"
  integrity sha1-IQmtx5ZYh8/AXLvUQsrIv7s2CGM=

omit.js@^2.0.0:
  version "2.0.2"
  resolved "https://registry.npm.taobao.org/omit.js/download/omit.js-2.0.2.tgz"
  integrity sha1-3ZuENvq5R6Xz/yFMslOGMeMT7C8=

once@^1.3.0:
  version "1.4.0"
  resolved "https://registry.npm.taobao.org/once/download/once-1.4.0.tgz"
  integrity sha1-WDsap3WWHUsROsF9nFC6753Xa9E=
  dependencies:
    wrappy "1"

path-is-absolute@^1.0.0:
  version "1.0.1"
  resolved "https://registry.npm.taobao.org/path-is-absolute/download/path-is-absolute-1.0.1.tgz"
  integrity sha1-F0uSaHNVNP+8es5r9TpanhtcX18=

path-parse@^1.0.6:
  version "1.0.7"
  resolved "https://registry.nlark.com/path-parse/download/path-parse-1.0.7.tgz"
  integrity sha1-+8EUtgykKzDZ2vWFjkvWi77bZzU=

postcss-functions@^3.0.0:
  version "3.0.0"
  resolved "https://registry.npm.taobao.org/postcss-functions/download/postcss-functions-3.0.0.tgz#0e94d01444700a481de20de4d55fb2640564250e"
  integrity sha1-DpTQFERwCkgd4g3k1V+yZAVkJQ4=
  dependencies:
    glob "^7.1.2"
    object-assign "^4.1.1"
    postcss "^6.0.9"
    postcss-value-parser "^3.3.0"

postcss-js@^2.0.0:
  version "2.0.3"
  resolved "https://registry.npm.taobao.org/postcss-js/download/postcss-js-2.0.3.tgz#a96f0f23ff3d08cec7dc5b11bf11c5f8077cdab9"
  integrity sha1-qW8PI/89CM7H3FsRvxHF+Ad82rk=
  dependencies:
    camelcase-css "^2.0.1"
    postcss "^7.0.18"

postcss-modules-extract-imports@^3.0.0:
  version "3.0.0"
  resolved "https://registry.npm.taobao.org/postcss-modules-extract-imports/download/postcss-modules-extract-imports-3.0.0.tgz"
  integrity sha1-zaHwR8CugMl9vijD52pDuIAldB0=

postcss-modules-local-by-default@^4.0.0:
  version "4.0.0"
  resolved "https://registry.npm.taobao.org/postcss-modules-local-by-default/download/postcss-modules-local-by-default-4.0.0.tgz"
  integrity sha1-67tU+uFZjuz99pGgKz/zs5ClpRw=
  dependencies:
    icss-utils "^5.0.0"
    postcss-selector-parser "^6.0.2"
    postcss-value-parser "^4.1.0"

postcss-modules-scope@^3.0.0:
  version "3.0.0"
  resolved "https://registry.npm.taobao.org/postcss-modules-scope/download/postcss-modules-scope-3.0.0.tgz"
  integrity sha1-nvMVFFbTu/oSDKRImN/Kby+gHwY=
  dependencies:
    postcss-selector-parser "^6.0.4"

postcss-modules-values@^4.0.0:
  version "4.0.0"
  resolved "https://registry.npm.taobao.org/postcss-modules-values/download/postcss-modules-values-4.0.0.tgz"
  integrity sha1-18Xn5ow7s8myfL9Iyguz/7RgLJw=
  dependencies:
    icss-utils "^5.0.0"

postcss-modules@^4.0.0:
  version "4.1.3"
  resolved "https://registry.nlark.com/postcss-modules/download/postcss-modules-4.1.3.tgz"
  integrity sha1-xMTEHZjZfSTHDojaz8l69aSz4h0=
  dependencies:
    generic-names "^2.0.1"
    icss-replace-symbols "^1.1.0"
    lodash.camelcase "^4.3.0"
    postcss-modules-extract-imports "^3.0.0"
    postcss-modules-local-by-default "^4.0.0"
    postcss-modules-scope "^3.0.0"
    postcss-modules-values "^4.0.0"
    string-hash "^1.1.1"

postcss-nested@^4.1.1:
  version "4.2.3"
  resolved "https://registry.npm.taobao.org/postcss-nested/download/postcss-nested-4.2.3.tgz#c6f255b0a720549776d220d00c4b70cd244136f6"
  integrity sha1-xvJVsKcgVJd20iDQDEtwzSRBNvY=
  dependencies:
    postcss "^7.0.32"
    postcss-selector-parser "^6.0.2"

postcss-selector-parser@^6.0.0, postcss-selector-parser@^6.0.2, postcss-selector-parser@^6.0.4:
  version "6.0.6"
  resolved "https://registry.nlark.com/postcss-selector-parser/download/postcss-selector-parser-6.0.6.tgz?cache=0&sync_timestamp=1620752924836&other_urls=https%3A%2F%2Fregistry.nlark.com%2Fpostcss-selector-parser%2Fdownload%2Fpostcss-selector-parser-6.0.6.tgz"
  integrity sha1-LFu6gXSsL2mBq2MaQqsO5UrzMuo=
  dependencies:
    cssesc "^3.0.0"
    util-deprecate "^1.0.2"

postcss-value-parser@^3.3.0:
  version "3.3.1"
  resolved "https://registry.npm.taobao.org/postcss-value-parser/download/postcss-value-parser-3.3.1.tgz"
  integrity sha1-n/giVH4okyE88cMO+lGsX9G6goE=

postcss-value-parser@^4.1.0:
  version "4.1.0"
  resolved "https://registry.npm.taobao.org/postcss-value-parser/download/postcss-value-parser-4.1.0.tgz"
  integrity sha1-RD9qIM7WSBor2k+oUypuVdeJoss=

postcss@7.0.32:
  version "7.0.32"
  resolved "https://registry.nlark.com/postcss/download/postcss-7.0.32.tgz#4310d6ee347053da3433db2be492883d62cec59d"
  integrity sha1-QxDW7jRwU9o0M9sr5JKIPWLOxZ0=
  dependencies:
    chalk "^2.4.2"
    source-map "^0.6.1"
    supports-color "^6.1.0"

postcss@^6.0.9:
  version "6.0.23"
  resolved "https://registry.nlark.com/postcss/download/postcss-6.0.23.tgz#61c82cc328ac60e677645f979054eb98bc0e3324"
  integrity sha1-YcgswyisYOZ3ZF+XkFTrmLwOMyQ=
  dependencies:
    chalk "^2.4.1"
    source-map "^0.6.1"
    supports-color "^5.4.0"

postcss@^7.0.11, postcss@^7.0.18, postcss@^7.0.32:
  version "7.0.36"
  resolved "https://registry.nlark.com/postcss/download/postcss-7.0.36.tgz#056f8cffa939662a8f5905950c07d5285644dfcb"
  integrity sha1-BW+M/6k5ZiqPWQWVDAfVKFZE38s=
  dependencies:
    chalk "^2.4.2"
    source-map "^0.6.1"
    supports-color "^6.1.0"

postcss@^8.1.10, postcss@^8.3.4:
  version "8.3.5"
  resolved "https://registry.nlark.com/postcss/download/postcss-8.3.5.tgz"
  integrity sha1-mCIWsRNBK8IKhiiekeuZSVKltwk=
  dependencies:
    colorette "^1.2.2"
    nanoid "^3.1.23"
    source-map-js "^0.6.2"

pretty-hrtime@^1.0.3:
  version "1.0.3"
  resolved "https://registry.npm.taobao.org/pretty-hrtime/download/pretty-hrtime-1.0.3.tgz"
  integrity sha1-t+PqQkNaTJsnWdmeDyAesZWALuE=

purgecss@^2.3.0:
  version "2.3.0"
  resolved "https://registry.npm.taobao.org/purgecss/download/purgecss-2.3.0.tgz#5327587abf5795e6541517af8b190a6fb5488bb3"
  integrity sha1-UydYer9XleZUFRevixkKb7VIi7M=
  dependencies:
    commander "^5.0.0"
    glob "^7.0.0"
    postcss "7.0.32"
    postcss-selector-parser "^6.0.2"

reduce-css-calc@^2.1.6:
  version "2.1.8"
  resolved "https://registry.npm.taobao.org/reduce-css-calc/download/reduce-css-calc-2.1.8.tgz#7ef8761a28d614980dc0c982f772c93f7a99de03"
  integrity sha1-fvh2GijWFJgNwMmC93LJP3qZ3gM=
  dependencies:
    css-unit-converter "^1.1.1"
    postcss-value-parser "^3.3.0"

regenerator-runtime@^0.13.4:
  version "0.13.7"
  resolved "https://registry.npm.taobao.org/regenerator-runtime/download/regenerator-runtime-0.13.7.tgz"
  integrity sha1-ysLazIoepnX+qrrriugziYrkb1U=

resize-observer-polyfill@^1.5.1:
  version "1.5.1"
  resolved "https://registry.npm.taobao.org/resize-observer-polyfill/download/resize-observer-polyfill-1.5.1.tgz"
  integrity sha1-DpAg3T0hAkRY1OvSfiPkAmmBBGQ=

resolve@^1.14.2, resolve@^1.20.0:
  version "1.20.0"
  resolved "https://registry.npm.taobao.org/resolve/download/resolve-1.20.0.tgz?cache=0&sync_timestamp=1613054862388&other_urls=https%3A%2F%2Fregistry.npm.taobao.org%2Fresolve%2Fdownload%2Fresolve-1.20.0.tgz"
  integrity sha1-YpoBP7P3B1XW8LeTXMHCxTeLGXU=
  dependencies:
    is-core-module "^2.2.0"
    path-parse "^1.0.6"

rollup@^2.38.5:
  version "2.52.3"
  resolved "https://registry.nlark.com/rollup/download/rollup-2.52.3.tgz?cache=0&sync_timestamp=1624627360389&other_urls=https%3A%2F%2Fregistry.nlark.com%2Frollup%2Fdownload%2Frollup-2.52.3.tgz"
  integrity sha1-Bi/DyF9nc21nWHSTEM/uZINsTio=
  optionalDependencies:
    fsevents "~2.3.2"

scroll-into-view-if-needed@^2.2.25:
  version "2.2.28"
  resolved "https://registry.npm.taobao.org/scroll-into-view-if-needed/download/scroll-into-view-if-needed-2.2.28.tgz"
  integrity sha1-WhWy9YpSZCyIyOylhGROAXA9ZFo=
  dependencies:
    compute-scroll-into-view "^1.0.17"

shallow-equal@^1.0.0:
  version "1.2.1"
  resolved "https://registry.npm.taobao.org/shallow-equal/download/shallow-equal-1.2.1.tgz"
  integrity sha1-TBar+lYEOqINBQMk76aJQLDaedo=

simple-swizzle@^0.2.2:
  version "0.2.2"
  resolved "https://registry.npm.taobao.org/simple-swizzle/download/simple-swizzle-0.2.2.tgz"
  integrity sha1-pNprY1/8zMoz9w0Xy5JZLeleVXo=
  dependencies:
    is-arrayish "^0.3.1"

source-map-js@^0.6.2:
  version "0.6.2"
  resolved "https://registry.npm.taobao.org/source-map-js/download/source-map-js-0.6.2.tgz"
  integrity sha1-C7XeYxtBz72mz7qL0FqA79/SOF4=

source-map@^0.6.1:
  version "0.6.1"
  resolved "https://registry.npm.taobao.org/source-map/download/source-map-0.6.1.tgz"
  integrity sha1-dHIq8y6WFOnCh6jQu95IteLxomM=

sourcemap-codec@^1.4.4:
  version "1.4.8"
  resolved "https://registry.npm.taobao.org/sourcemap-codec/download/sourcemap-codec-1.4.8.tgz"
  integrity sha1-6oBL2UhXQC5pktBaOO8a41qatMQ=

string-hash@^1.1.1:
  version "1.1.3"
  resolved "https://registry.npm.taobao.org/string-hash/download/string-hash-1.1.3.tgz"
  integrity sha1-6Kr8CsGFW0Zmkp7X3RJ1311sgRs=

supports-color@^5.3.0, supports-color@^5.4.0:
  version "5.5.0"
  resolved "https://registry.nlark.com/supports-color/download/supports-color-5.5.0.tgz?cache=0&sync_timestamp=1622293670728&other_urls=https%3A%2F%2Fregistry.nlark.com%2Fsupports-color%2Fdownload%2Fsupports-color-5.5.0.tgz"
  integrity sha1-4uaaRKyHcveKHsCzW2id9lMO/I8=
  dependencies:
    has-flag "^3.0.0"

supports-color@^6.1.0:
  version "6.1.0"
  resolved "https://registry.nlark.com/supports-color/download/supports-color-6.1.0.tgz?cache=0&sync_timestamp=1622293670728&other_urls=https%3A%2F%2Fregistry.nlark.com%2Fsupports-color%2Fdownload%2Fsupports-color-6.1.0.tgz#0764abc69c63d5ac842dd4867e8d025e880df8f3"
  integrity sha1-B2Srxpxj1ayELdSGfo0CXogN+PM=
  dependencies:
    has-flag "^3.0.0"

supports-color@^7.1.0:
  version "7.2.0"
  resolved "https://registry.nlark.com/supports-color/download/supports-color-7.2.0.tgz?cache=0&sync_timestamp=1622293670728&other_urls=https%3A%2F%2Fregistry.nlark.com%2Fsupports-color%2Fdownload%2Fsupports-color-7.2.0.tgz"
  integrity sha1-G33NyzK4E4gBs+R4umpRyqiWSNo=
  dependencies:
    has-flag "^4.0.0"

tailwindcss@1.4.6:
  version "1.4.6"
  resolved "https://registry.nlark.com/tailwindcss/download/tailwindcss-1.4.6.tgz#17b37166ccda08d7e7f9ca995ea48ce1e0089700"
  integrity sha1-F7NxZszaCNfn+cqZXqSM4eAIlwA=
  dependencies:
    "@fullhuman/postcss-purgecss" "^2.1.2"
    autoprefixer "^9.4.5"
    browserslist "^4.12.0"
    bytes "^3.0.0"
    chalk "^4.0.0"
    color "^3.1.2"
    detective "^5.2.0"
    fs-extra "^8.0.0"
    lodash "^4.17.15"
    node-emoji "^1.8.1"
    normalize.css "^8.0.1"
    postcss "^7.0.11"
    postcss-functions "^3.0.0"
    postcss-js "^2.0.0"
    postcss-nested "^4.1.1"
    postcss-selector-parser "^6.0.0"
    pretty-hrtime "^1.0.3"
    reduce-css-calc "^2.1.6"
    resolve "^1.14.2"

to-fast-properties@^2.0.0:
  version "2.0.0"
  resolved "https://registry.npm.taobao.org/to-fast-properties/download/to-fast-properties-2.0.0.tgz"
  integrity sha1-3F5pjL0HkmW8c+A3doGk5Og/YW4=

universalify@^0.1.0:
  version "0.1.2"
  resolved "https://registry.npm.taobao.org/universalify/download/universalify-0.1.2.tgz#b646f69be3942dabcecc9d6639c80dc105efaa66"
  integrity sha1-tkb2m+OULavOzJ1mOcgNwQXvqmY=

util-deprecate@^1.0.2:
  version "1.0.2"
  resolved "https://registry.npm.taobao.org/util-deprecate/download/util-deprecate-1.0.2.tgz?cache=0&other_urls=https%3A%2F%2Fregistry.npm.taobao.org%2Futil-deprecate%2Fdownload%2Futil-deprecate-1.0.2.tgz"
  integrity sha1-RQ1Nyfpw3nMnYvvS1KKJgUGaDM8=

vite@^2.3.8:
  version "2.3.8"
  resolved "https://registry.nlark.com/vite/download/vite-2.3.8.tgz"
  integrity sha1-QuPgOVOFn9QQ5OarPRzKCqsq3Dw=
  dependencies:
    esbuild "^0.12.8"
    postcss "^8.3.4"
    resolve "^1.20.0"
    rollup "^2.38.5"
  optionalDependencies:
    fsevents "~2.3.2"

vue-router@^4.0.10:
  version "4.0.10"
  resolved "https://registry.nlark.com/vue-router/download/vue-router-4.0.10.tgz"
  integrity sha1-7I/aAylJsqMdMnMXD483bobrUqw=
  dependencies:
    "@vue/devtools-api" "^6.0.0-beta.14"

vue-types@^3.0.0:
  version "3.0.2"
  resolved "https://registry.nlark.com/vue-types/download/vue-types-3.0.2.tgz?cache=0&sync_timestamp=1623481822879&other_urls=https%3A%2F%2Fregistry.nlark.com%2Fvue-types%2Fdownload%2Fvue-types-3.0.2.tgz"
  integrity sha1-7BbgXUEsA4Ji/B76TOuWR+f7YB0=
  dependencies:
    is-plain-object "3.0.1"

vue@^3.0.0, vue@^3.0.5:
  version "3.1.2"
  resolved "https://registry.nlark.com/vue/download/vue-3.1.2.tgz"
  integrity sha1-ZH+OOUmj1gB3Hcol1QIl3D5ZTGQ=
  dependencies:
    "@vue/compiler-dom" "3.1.2"
    "@vue/runtime-dom" "3.1.2"
    "@vue/shared" "3.1.2"

warning@^4.0.0:
  version "4.0.3"
  resolved "https://registry.npm.taobao.org/warning/download/warning-4.0.3.tgz"
  integrity sha1-Fungd+uKhtavfWSqHgX9hbRnjKM=
  dependencies:
    loose-envify "^1.0.0"

wrappy@1:
  version "1.0.2"
  resolved "https://registry.nlark.com/wrappy/download/wrappy-1.0.2.tgz?cache=0&sync_timestamp=1619133505879&other_urls=https%3A%2F%2Fregistry.nlark.com%2Fwrappy%2Fdownload%2Fwrappy-1.0.2.tgz"
  integrity sha1-tSQ9jz7BqjXxNkYFvA0QNuMKtp8=

xtend@^4.0.2:
  version "4.0.2"
  resolved "https://registry.npm.taobao.org/xtend/download/xtend-4.0.2.tgz"
  integrity sha1-u3J3n1+kZRhrH0OPZ0+jR/2121Q=

yallist@^3.0.2:
  version "3.1.1"
  resolved "https://registry.npm.taobao.org/yallist/download/yallist-3.1.1.tgz"
  integrity sha1-27fa+b/YusmrRev2ArjLrQ1dCP0=
